<?xml version="1.0" encoding="utf-8"?>
<Project ToolsVersion="4.0" xmlns="http://schemas.microsoft.com/developer/msbuild/2003">
  <ItemGroup>
    <Filter Include="src">
      <UniqueIdentifier>{ec6507ec-717f-46cf-bbd3-a1037a6ce072}</UniqueIdentifier>
    </Filter>
    <Filter Include="external">
      <UniqueIdentifier>{682afe1f-2d19-4eba-a6d3-ee94037fa980}</UniqueIdentifier>
    </Filter>
    <Filter Include="external\commonItems">
      <UniqueIdentifier>{b7566997-3f99-4100-9aef-834ff080be2f}</UniqueIdentifier>
    </Filter>
    <Filter Include="external\googletest">
      <UniqueIdentifier>{bca95ec6-1a23-4714-8dfe-6220f5f2fad3}</UniqueIdentifier>
    </Filter>
    <Filter Include="external\googletest\googletest">
      <UniqueIdentifier>{3f574f5f-7b98-4921-a5ad-bea2efb91e8a}</UniqueIdentifier>
    </Filter>
    <Filter Include="external\googletest\googletest\src">
      <UniqueIdentifier>{ac2be401-51c3-44a5-8db1-0f8041c6f7a2}</UniqueIdentifier>
    </Filter>
    <Filter Include="external\googletest\googlemock">
      <UniqueIdentifier>{c6d9480f-c217-4e83-8865-ca2e4d534d52}</UniqueIdentifier>
    </Filter>
    <Filter Include="external\googletest\googlemock\src">
      <UniqueIdentifier>{20f83632-6141-4731-8140-6bae67689513}</UniqueIdentifier>
    </Filter>
    <Filter Include="data">
      <UniqueIdentifier>{3d012628-6e8e-4afa-afdc-4e78c05dafd8}</UniqueIdentifier>
    </Filter>
    <Filter Include="data\test_data">
      <UniqueIdentifier>{845e6ae2-ae7b-4e77-ac44-efaeb18afe56}</UniqueIdentifier>
    </Filter>
    <Filter Include="data\test_data\map_importer_test">
      <UniqueIdentifier>{2d465c8b-d076-4d9a-9742-e72f3504b104}</UniqueIdentifier>
    </Filter>
    <Filter Include="data\test_data\map_importer_test\missing_definition.csv">
      <UniqueIdentifier>{958b7b3b-36a7-4382-a0a3-a9135c9bcd95}</UniqueIdentifier>
    </Filter>
    <Filter Include="data\test_data\map_importer_test\valid_map_data">
      <UniqueIdentifier>{053ff9a9-5874-410b-bf28-c71883d26ea2}</UniqueIdentifier>
    </Filter>
    <Filter Include="data\test_data\map_importer_test\missing_definition.csv\map">
      <UniqueIdentifier>{b1c5aba7-e061-432f-ab06-2f16b9818a81}</UniqueIdentifier>
    </Filter>
    <Filter Include="data\test_data\map_importer_test\valid_map_data\map">
      <UniqueIdentifier>{0ac2f59a-b47d-45bb-8ea8-a8355e8fe622}</UniqueIdentifier>
    </Filter>
    <Filter Include="src\map_importer">
      <UniqueIdentifier>{a0d89228-dc2f-44e9-80e0-88bb8b4a731b}</UniqueIdentifier>
    </Filter>
    <Filter Include="src\state_definitions">
      <UniqueIdentifier>{440499e2-4b45-42cf-a076-c4b878b7ea2a}</UniqueIdentifier>
    </Filter>
    <Filter Include="data\test_data\state_definitions">
      <UniqueIdentifier>{6155f71e-4c30-45d4-8ac2-573be7871cbb}</UniqueIdentifier>
    </Filter>
    <Filter Include="data\test_data\state_definitions\state_definitions">
      <UniqueIdentifier>{6fa02be0-32bb-48c7-9345-cd1bec89b521}</UniqueIdentifier>
    </Filter>
    <Filter Include="data\test_data\state_definitions\state_definitions\history">
      <UniqueIdentifier>{50874e0d-fca4-44fe-9200-81d80793afd9}</UniqueIdentifier>
    </Filter>
    <Filter Include="data\test_data\state_definitions\state_definitions\history\states">
      <UniqueIdentifier>{b5ccedf5-77b3-4ecf-9a52-c9d8ee8d881d}</UniqueIdentifier>
    </Filter>
    <Filter Include="src\save_reader">
      <UniqueIdentifier>{02f6d4d7-45bb-4ecf-a3c0-5aea2b01072e}</UniqueIdentifier>
    </Filter>
    <Filter Include="data\test_data\save_reader">
      <UniqueIdentifier>{a14ce5a9-01a9-4bf3-b8d4-8182f0d5c148}</UniqueIdentifier>
    </Filter>
    <Filter Include="external\rakaly">
      <UniqueIdentifier>{2d81d4c5-12eb-4d11-978c-8fe23d861224}</UniqueIdentifier>
    </Filter>
    <Filter Include="src\country_colors">
      <UniqueIdentifier>{fdf84302-f797-4059-9338-882669283d38}</UniqueIdentifier>
    </Filter>
    <Filter Include="data\test_data\country_colors">
      <UniqueIdentifier>{40443b90-7ad4-4a78-b393-8ff1cf40a338}</UniqueIdentifier>
    </Filter>
    <Filter Include="data\test_data\country_colors\tags_directory">
      <UniqueIdentifier>{06ccc570-81ac-4ccb-850c-b377fca59890}</UniqueIdentifier>
    </Filter>
    <Filter Include="data\test_data\country_colors\tags_directory\common">
      <UniqueIdentifier>{1de9bb2f-424a-453c-9dfe-12c70c709869}</UniqueIdentifier>
    </Filter>
    <Filter Include="data\test_data\country_colors\tags_directory\common\country_tags">
      <UniqueIdentifier>{4dbbde7d-cfac-4d81-a011-71239ed50ee0}</UniqueIdentifier>
    </Filter>
    <Filter Include="data\test_data\country_colors\country_color_importer">
      <UniqueIdentifier>{73323888-56c1-4bd7-9b9c-181fe2c3a449}</UniqueIdentifier>
    </Filter>
    <Filter Include="data\test_data\country_colors\country_color_importer\common">
      <UniqueIdentifier>{1816003c-d0a9-4bcc-b5d3-c3a6853a551c}</UniqueIdentifier>
    </Filter>
    <Filter Include="data\test_data\country_colors\country_color_importer\common\country_tags">
      <UniqueIdentifier>{98967360-0a05-404b-9c6d-c173cfcfbe41}</UniqueIdentifier>
    </Filter>
    <Filter Include="data\test_data\country_colors\country_color_importer\common\countries">
      <UniqueIdentifier>{a3a456e5-4d86-4a5b-9161-98f356894bbb}</UniqueIdentifier>
    </Filter>
    <Filter Include="src\map_drawer">
      <UniqueIdentifier>{0a936d03-e6c0-45bd-8389-0876b6c02ac8}</UniqueIdentifier>
    </Filter>
    <Filter Include="external\commonItems\ZipLib">
      <UniqueIdentifier>{4e5f7985-1aa6-4025-b6c6-8a6ed06728e3}</UniqueIdentifier>
    </Filter>
    <Filter Include="external\commonItems\ZipLib\detail">
      <UniqueIdentifier>{5ec8bae1-a41c-4878-acb6-46daea6c01a3}</UniqueIdentifier>
    </Filter>
    <Filter Include="external\commonItems\ZipLib\extlibs">
      <UniqueIdentifier>{0e32f1dd-3275-444b-92be-a92b1264794b}</UniqueIdentifier>
    </Filter>
    <Filter Include="external\commonItems\ZipLib\extlibs\lzma">
      <UniqueIdentifier>{06ca8123-4fe9-42bf-85d3-313113bab6f0}</UniqueIdentifier>
    </Filter>
    <Filter Include="external\commonItems\ZipLib\extlibs\bzip2">
      <UniqueIdentifier>{e0766091-4a6d-42e3-a695-f2b044519cc6}</UniqueIdentifier>
    </Filter>
    <Filter Include="external\commonItems\ZipLib\extlibs\zlib">
      <UniqueIdentifier>{eb0fdb0d-0edf-453a-b235-3aff7c9e0703}</UniqueIdentifier>
    </Filter>
    <Filter Include="external\commonItems\modloader">
      <UniqueIdentifier>{58f5d997-e183-403c-94ad-4f4529fd3e36}</UniqueIdentifier>
    </Filter>
    <Filter Include="src\configuration">
      <UniqueIdentifier>{8e138599-be9f-4181-af03-e0177f793619}</UniqueIdentifier>
    </Filter>
    <Filter Include="data\test_data\configuration">
      <UniqueIdentifier>{7ab10473-bb63-4dda-9c1e-e3393343a796}</UniqueIdentifier>
    </Filter>
  </ItemGroup>
  <ItemGroup>
    <ClCompile Include="external\commonItems\iconvlite.cpp">
      <Filter>external\commonItems</Filter>
    </ClCompile>
    <ClCompile Include="external\commonItems\Log.cpp">
      <Filter>external\commonItems</Filter>
    </ClCompile>
    <ClCompile Include="external\commonItems\OSCommonLayer.cpp">
      <Filter>external\commonItems</Filter>
    </ClCompile>
    <ClCompile Include="external\commonItems\WinUtils.cpp">
      <Filter>external\commonItems</Filter>
    </ClCompile>
    <ClCompile Include="external\googletest\googletest\src\gtest_main.cc">
      <Filter>external\googletest\googletest\src</Filter>
    </ClCompile>
    <ClCompile Include="external\googletest\googletest\src\gtest-all.cc">
      <Filter>external\googletest\googletest\src</Filter>
    </ClCompile>
    <ClCompile Include="external\googletest\googlemock\src\gmock-all.cc">
      <Filter>external\googletest\googlemock\src</Filter>
    </ClCompile>
    <ClCompile Include="src\map_importer\map_importer.cpp">
      <Filter>src\map_importer</Filter>
    </ClCompile>
    <ClCompile Include="src\map_importer\map_importer_test.cpp">
      <Filter>src\map_importer</Filter>
    </ClCompile>
    <ClCompile Include="src\map_importer\pixel_test.cpp">
      <Filter>src\map_importer</Filter>
    </ClCompile>
    <ClCompile Include="src\state_definitions\state_definition_importer.cpp">
      <Filter>src\state_definitions</Filter>
    </ClCompile>
    <ClCompile Include="src\state_definitions\state_definition_importer_test.cpp">
      <Filter>src\state_definitions</Filter>
    </ClCompile>
    <ClCompile Include="external\commonItems\Parser.cpp">
      <Filter>external\commonItems</Filter>
    </ClCompile>
    <ClCompile Include="external\commonItems\ParserHelpers.cpp">
      <Filter>external\commonItems</Filter>
    </ClCompile>
    <ClCompile Include="external\commonItems\StringUtils.cpp">
      <Filter>external\commonItems</Filter>
    </ClCompile>
    <ClCompile Include="src\state_definitions\state_definitions_importer.cpp">
      <Filter>src\state_definitions</Filter>
    </ClCompile>
    <ClCompile Include="src\state_definitions\state_definitions_importer_test.cpp">
      <Filter>src\state_definitions</Filter>
    </ClCompile>
    <ClCompile Include="src\save_reader\state_importer_test.cpp">
      <Filter>src\save_reader</Filter>
    </ClCompile>
    <ClCompile Include="src\save_reader\state_importer.cpp">
      <Filter>src\save_reader</Filter>
    </ClCompile>
    <ClCompile Include="src\save_reader\states_importer_test.cpp">
      <Filter>src\save_reader</Filter>
    </ClCompile>
    <ClCompile Include="src\save_reader\states_importer.cpp">
      <Filter>src\save_reader</Filter>
    </ClCompile>
    <ClCompile Include="src\save_reader\save_importer.cpp">
      <Filter>src\save_reader</Filter>
    </ClCompile>
    <ClCompile Include="src\save_reader\save_importer_test.cpp">
      <Filter>src\save_reader</Filter>
    </ClCompile>
    <ClCompile Include="src\country_colors\country_definition_reader_test.cpp">
      <Filter>src\country_colors</Filter>
    </ClCompile>
    <ClCompile Include="src\country_colors\country_definition_reader.cpp">
      <Filter>src\country_colors</Filter>
    </ClCompile>
    <ClCompile Include="external\commonItems\Color.cpp">
      <Filter>external\commonItems</Filter>
    </ClCompile>
    <ClCompile Include="src\country_colors\country_tag_file_reader.cpp">
      <Filter>src\country_colors</Filter>
    </ClCompile>
    <ClCompile Include="src\country_colors\country_tag_file_reader_test.cpp">
      <Filter>src\country_colors</Filter>
    </ClCompile>
    <ClCompile Include="src\country_colors\country_tags_reader.cpp">
      <Filter>src\country_colors</Filter>
    </ClCompile>
    <ClCompile Include="src\country_colors\country_tags_reader_test.cpp">
      <Filter>src\country_colors</Filter>
    </ClCompile>
    <ClCompile Include="src\country_colors\country_color_importer.cpp">
      <Filter>src\country_colors</Filter>
    </ClCompile>
    <ClCompile Include="src\country_colors\country_color_importer_test.cpp">
      <Filter>src\country_colors</Filter>
    </ClCompile>
    <ClCompile Include="src\map_drawer\ownership_drawer.cpp">
      <Filter>src\map_drawer</Filter>
    </ClCompile>
    <ClCompile Include="external\commonItems\CommonFunctions.cpp">
      <Filter>external\commonItems</Filter>
    </ClCompile>
    <ClCompile Include="external\commonItems\ZipLib\ZipArchive.cpp">
      <Filter>external\commonItems\ZipLib</Filter>
    </ClCompile>
    <ClCompile Include="external\commonItems\ZipLib\ZipArchiveEntry.cpp">
      <Filter>external\commonItems\ZipLib</Filter>
    </ClCompile>
    <ClCompile Include="external\commonItems\ZipLib\ZipFile.cpp">
      <Filter>external\commonItems\ZipLib</Filter>
    </ClCompile>
    <ClCompile Include="external\commonItems\ConvenientParser.cpp">
      <Filter>external\commonItems</Filter>
    </ClCompile>
    <ClCompile Include="external\commonItems\ZipLib\detail\EndOfCentralDirectoryBlock.cpp">
      <Filter>external\commonItems\ZipLib\detail</Filter>
    </ClCompile>
    <ClCompile Include="external\commonItems\ZipLib\detail\ZipCentralDirectoryFileHeader.cpp">
      <Filter>external\commonItems\ZipLib\detail</Filter>
    </ClCompile>
    <ClCompile Include="external\commonItems\ZipLib\detail\ZipGenericExtraField.cpp">
      <Filter>external\commonItems\ZipLib\detail</Filter>
    </ClCompile>
    <ClCompile Include="external\commonItems\ZipLib\detail\ZipLocalFileHeader.cpp">
      <Filter>external\commonItems\ZipLib\detail</Filter>
    </ClCompile>
    <ClCompile Include="external\commonItems\ZipLib\extlibs\lzma\7zAlloc.c">
      <Filter>external\commonItems\ZipLib\extlibs\lzma</Filter>
    </ClCompile>
    <ClCompile Include="external\commonItems\ZipLib\extlibs\lzma\7zBuf.c">
      <Filter>external\commonItems\ZipLib\extlibs\lzma</Filter>
    </ClCompile>
    <ClCompile Include="external\commonItems\ZipLib\extlibs\lzma\7zBuf2.c">
      <Filter>external\commonItems\ZipLib\extlibs\lzma</Filter>
    </ClCompile>
    <ClCompile Include="external\commonItems\ZipLib\extlibs\lzma\7zCrc.c">
      <Filter>external\commonItems\ZipLib\extlibs\lzma</Filter>
    </ClCompile>
    <ClCompile Include="external\commonItems\ZipLib\extlibs\lzma\7zCrcOpt.c">
      <Filter>external\commonItems\ZipLib\extlibs\lzma</Filter>
    </ClCompile>
    <ClCompile Include="external\commonItems\ZipLib\extlibs\lzma\7zDec.c">
      <Filter>external\commonItems\ZipLib\extlibs\lzma</Filter>
    </ClCompile>
    <ClCompile Include="external\commonItems\ZipLib\extlibs\lzma\7zFile.c">
      <Filter>external\commonItems\ZipLib\extlibs\lzma</Filter>
    </ClCompile>
    <ClCompile Include="external\commonItems\ZipLib\extlibs\lzma\7zIn.c">
      <Filter>external\commonItems\ZipLib\extlibs\lzma</Filter>
    </ClCompile>
    <ClCompile Include="external\commonItems\ZipLib\extlibs\lzma\7zStream.c">
      <Filter>external\commonItems\ZipLib\extlibs\lzma</Filter>
    </ClCompile>
    <ClCompile Include="external\commonItems\ZipLib\extlibs\lzma\Alloc.c">
      <Filter>external\commonItems\ZipLib\extlibs\lzma</Filter>
    </ClCompile>
    <ClCompile Include="external\commonItems\ZipLib\extlibs\lzma\Bcj2.c">
      <Filter>external\commonItems\ZipLib\extlibs\lzma</Filter>
    </ClCompile>
    <ClCompile Include="external\commonItems\ZipLib\extlibs\lzma\Bra.c">
      <Filter>external\commonItems\ZipLib\extlibs\lzma</Filter>
    </ClCompile>
    <ClCompile Include="external\commonItems\ZipLib\extlibs\lzma\Bra86.c">
      <Filter>external\commonItems\ZipLib\extlibs\lzma</Filter>
    </ClCompile>
    <ClCompile Include="external\commonItems\ZipLib\extlibs\lzma\BraIA64.c">
      <Filter>external\commonItems\ZipLib\extlibs\lzma</Filter>
    </ClCompile>
    <ClCompile Include="external\commonItems\ZipLib\extlibs\lzma\CpuArch.c">
      <Filter>external\commonItems\ZipLib\extlibs\lzma</Filter>
    </ClCompile>
    <ClCompile Include="external\commonItems\ZipLib\extlibs\lzma\Delta.c">
      <Filter>external\commonItems\ZipLib\extlibs\lzma</Filter>
    </ClCompile>
    <ClCompile Include="external\commonItems\ZipLib\extlibs\lzma\LzFind.c">
      <Filter>external\commonItems\ZipLib\extlibs\lzma</Filter>
    </ClCompile>
    <ClCompile Include="external\commonItems\ZipLib\extlibs\lzma\LzFindMt.c">
      <Filter>external\commonItems\ZipLib\extlibs\lzma</Filter>
    </ClCompile>
    <ClCompile Include="external\commonItems\ZipLib\extlibs\lzma\Lzma2Dec.c">
      <Filter>external\commonItems\ZipLib\extlibs\lzma</Filter>
    </ClCompile>
    <ClCompile Include="external\commonItems\ZipLib\extlibs\lzma\Lzma2Enc.c">
      <Filter>external\commonItems\ZipLib\extlibs\lzma</Filter>
    </ClCompile>
    <ClCompile Include="external\commonItems\ZipLib\extlibs\lzma\Lzma86Dec.c">
      <Filter>external\commonItems\ZipLib\extlibs\lzma</Filter>
    </ClCompile>
    <ClCompile Include="external\commonItems\ZipLib\extlibs\lzma\Lzma86Enc.c">
      <Filter>external\commonItems\ZipLib\extlibs\lzma</Filter>
    </ClCompile>
    <ClCompile Include="external\commonItems\ZipLib\extlibs\lzma\LzmaDec.c">
      <Filter>external\commonItems\ZipLib\extlibs\lzma</Filter>
    </ClCompile>
    <ClCompile Include="external\commonItems\ZipLib\extlibs\lzma\LzmaEnc.c">
      <Filter>external\commonItems\ZipLib\extlibs\lzma</Filter>
    </ClCompile>
    <ClCompile Include="external\commonItems\ZipLib\extlibs\lzma\LzmaLib.c">
      <Filter>external\commonItems\ZipLib\extlibs\lzma</Filter>
    </ClCompile>
    <ClCompile Include="external\commonItems\ZipLib\extlibs\lzma\MtCoder.c">
      <Filter>external\commonItems\ZipLib\extlibs\lzma</Filter>
    </ClCompile>
    <ClCompile Include="external\commonItems\ZipLib\extlibs\lzma\Ppmd7.c">
      <Filter>external\commonItems\ZipLib\extlibs\lzma</Filter>
    </ClCompile>
    <ClCompile Include="external\commonItems\ZipLib\extlibs\lzma\Ppmd7Dec.c">
      <Filter>external\commonItems\ZipLib\extlibs\lzma</Filter>
    </ClCompile>
    <ClCompile Include="external\commonItems\ZipLib\extlibs\lzma\Ppmd7Enc.c">
      <Filter>external\commonItems\ZipLib\extlibs\lzma</Filter>
    </ClCompile>
    <ClCompile Include="external\commonItems\ZipLib\extlibs\lzma\Sha256.c">
      <Filter>external\commonItems\ZipLib\extlibs\lzma</Filter>
    </ClCompile>
    <ClCompile Include="external\commonItems\ZipLib\extlibs\lzma\Threads.c">
      <Filter>external\commonItems\ZipLib\extlibs\lzma</Filter>
    </ClCompile>
    <ClCompile Include="external\commonItems\ZipLib\extlibs\lzma\Xz.c">
      <Filter>external\commonItems\ZipLib\extlibs\lzma</Filter>
    </ClCompile>
    <ClCompile Include="external\commonItems\ZipLib\extlibs\lzma\XzCrc64.c">
      <Filter>external\commonItems\ZipLib\extlibs\lzma</Filter>
    </ClCompile>
    <ClCompile Include="external\commonItems\ZipLib\extlibs\lzma\XzDec.c">
      <Filter>external\commonItems\ZipLib\extlibs\lzma</Filter>
    </ClCompile>
    <ClCompile Include="external\commonItems\ZipLib\extlibs\lzma\XzEnc.c">
      <Filter>external\commonItems\ZipLib\extlibs\lzma</Filter>
    </ClCompile>
    <ClCompile Include="external\commonItems\ZipLib\extlibs\lzma\XzIn.c">
      <Filter>external\commonItems\ZipLib\extlibs\lzma</Filter>
    </ClCompile>
    <ClCompile Include="external\commonItems\ZipLib\extlibs\bzip2\bcompress.c">
      <Filter>external\commonItems\ZipLib\extlibs\bzip2</Filter>
    </ClCompile>
    <ClCompile Include="external\commonItems\ZipLib\extlibs\bzip2\blocksort.c">
      <Filter>external\commonItems\ZipLib\extlibs\bzip2</Filter>
    </ClCompile>
    <ClCompile Include="external\commonItems\ZipLib\extlibs\bzip2\bzerror.c">
      <Filter>external\commonItems\ZipLib\extlibs\bzip2</Filter>
    </ClCompile>
    <ClCompile Include="external\commonItems\ZipLib\extlibs\bzip2\bzlib.c">
      <Filter>external\commonItems\ZipLib\extlibs\bzip2</Filter>
    </ClCompile>
    <ClCompile Include="external\commonItems\ZipLib\extlibs\bzip2\crctable.c">
      <Filter>external\commonItems\ZipLib\extlibs\bzip2</Filter>
    </ClCompile>
    <ClCompile Include="external\commonItems\ZipLib\extlibs\bzip2\decompress.c">
      <Filter>external\commonItems\ZipLib\extlibs\bzip2</Filter>
    </ClCompile>
    <ClCompile Include="external\commonItems\ZipLib\extlibs\bzip2\huffman.c">
      <Filter>external\commonItems\ZipLib\extlibs\bzip2</Filter>
    </ClCompile>
    <ClCompile Include="external\commonItems\ZipLib\extlibs\bzip2\randtable.c">
      <Filter>external\commonItems\ZipLib\extlibs\bzip2</Filter>
    </ClCompile>
    <ClCompile Include="external\commonItems\ZipLib\extlibs\zlib\adler32.c">
      <Filter>external\commonItems\ZipLib\extlibs\zlib</Filter>
    </ClCompile>
    <ClCompile Include="external\commonItems\ZipLib\extlibs\zlib\compress.c">
      <Filter>external\commonItems\ZipLib\extlibs\zlib</Filter>
    </ClCompile>
    <ClCompile Include="external\commonItems\ZipLib\extlibs\zlib\crc32.c">
      <Filter>external\commonItems\ZipLib\extlibs\zlib</Filter>
    </ClCompile>
    <ClCompile Include="external\commonItems\ZipLib\extlibs\zlib\deflate.c">
      <Filter>external\commonItems\ZipLib\extlibs\zlib</Filter>
    </ClCompile>
    <ClCompile Include="external\commonItems\ZipLib\extlibs\zlib\infback.c">
      <Filter>external\commonItems\ZipLib\extlibs\zlib</Filter>
    </ClCompile>
    <ClCompile Include="external\commonItems\ZipLib\extlibs\zlib\inffast.c">
      <Filter>external\commonItems\ZipLib\extlibs\zlib</Filter>
    </ClCompile>
    <ClCompile Include="external\commonItems\ZipLib\extlibs\zlib\inflate.c">
      <Filter>external\commonItems\ZipLib\extlibs\zlib</Filter>
    </ClCompile>
    <ClCompile Include="external\commonItems\ZipLib\extlibs\zlib\inftrees.c">
      <Filter>external\commonItems\ZipLib\extlibs\zlib</Filter>
    </ClCompile>
    <ClCompile Include="external\commonItems\ZipLib\extlibs\zlib\trees.c">
      <Filter>external\commonItems\ZipLib\extlibs\zlib</Filter>
    </ClCompile>
    <ClCompile Include="external\commonItems\ZipLib\extlibs\zlib\uncompr.c">
      <Filter>external\commonItems\ZipLib\extlibs\zlib</Filter>
    </ClCompile>
    <ClCompile Include="external\commonItems\ZipLib\extlibs\zlib\zutil.c">
      <Filter>external\commonItems\ZipLib\extlibs\zlib</Filter>
    </ClCompile>
    <ClCompile Include="external\commonItems\ModLoader\ModFilesystem.cpp">
      <Filter>external\commonItems\modloader</Filter>
    </ClCompile>
    <ClCompile Include="external\commonItems\ModLoader\ModLoader.cpp">
      <Filter>external\commonItems\modloader</Filter>
    </ClCompile>
    <ClCompile Include="external\commonItems\ModLoader\ModParser.cpp">
      <Filter>external\commonItems\modloader</Filter>
    </ClCompile>
    <ClCompile Include="src\configuration\configuration_test.cpp">
      <Filter>src\configuration</Filter>
    </ClCompile>
    <ClCompile Include="src\configuration\configuration.cpp">
      <Filter>src\configuration</Filter>
    </ClCompile>
    <ClCompile Include="src\save_reader\province_importer.cpp">
      <Filter>src\save_reader</Filter>
    </ClCompile>
    <ClCompile Include="src\save_reader\province_importer_test.cpp">
      <Filter>src\save_reader</Filter>
    </ClCompile>
    <ClCompile Include="src\save_reader\provinces_importer_test.cpp">
      <Filter>src\save_reader</Filter>
    </ClCompile>
    <ClCompile Include="src\save_reader\provinces_importer.cpp">
      <Filter>src\save_reader</Filter>
    </ClCompile>
    <ClCompile Include="src\map_drawer\controller_drawer.cpp">
      <Filter>src\map_drawer</Filter>
    </ClCompile>
  </ItemGroup>
  <ItemGroup>
    <ClInclude Include="external\commonItems\iconvlite.h">
      <Filter>external\commonItems</Filter>
    </ClInclude>
    <ClInclude Include="external\commonItems\Log.h">
      <Filter>external\commonItems</Filter>
    </ClInclude>
    <ClInclude Include="src\map_importer\map_importer.h">
      <Filter>src\map_importer</Filter>
    </ClInclude>
    <ClInclude Include="src\state_definitions\state_definition_importer.h">
      <Filter>src\state_definitions</Filter>
    </ClInclude>
    <ClInclude Include="external\commonItems\Parser.h">
      <Filter>external\commonItems</Filter>
    </ClInclude>
    <ClInclude Include="external\commonItems\ParserHelpers.h">
      <Filter>external\commonItems</Filter>
    </ClInclude>
    <ClInclude Include="external\commonItems\StringUtils.h">
      <Filter>external\commonItems</Filter>
    </ClInclude>
    <ClInclude Include="src\state_definitions\state_definitions_importer.h">
      <Filter>src\state_definitions</Filter>
    </ClInclude>
    <ClInclude Include="src\save_reader\state.h">
      <Filter>src\save_reader</Filter>
    </ClInclude>
    <ClInclude Include="src\save_reader\state_importer.h">
      <Filter>src\save_reader</Filter>
    </ClInclude>
    <ClInclude Include="src\save_reader\states_importer.h">
      <Filter>src\save_reader</Filter>
    </ClInclude>
    <ClInclude Include="src\save_reader\save.h">
      <Filter>src\save_reader</Filter>
    </ClInclude>
    <ClInclude Include="src\save_reader\save_importer.h">
      <Filter>src\save_reader</Filter>
    </ClInclude>
    <ClInclude Include="external\rakaly\rakaly.h">
      <Filter>external\rakaly</Filter>
    </ClInclude>
    <ClInclude Include="src\country_colors\country_definition_reader.h">
      <Filter>src\country_colors</Filter>
    </ClInclude>
    <ClInclude Include="external\commonItems\Color.h">
      <Filter>external\commonItems</Filter>
    </ClInclude>
    <ClInclude Include="src\country_colors\country_tag_file_reader.h">
      <Filter>src\country_colors</Filter>
    </ClInclude>
    <ClInclude Include="src\country_colors\country_tags_reader.h">
      <Filter>src\country_colors</Filter>
    </ClInclude>
    <ClInclude Include="src\country_colors\country_color_importer.h">
      <Filter>src\country_colors</Filter>
    </ClInclude>
    <ClInclude Include="src\map_drawer\ownership_drawer.h">
      <Filter>src\map_drawer</Filter>
    </ClInclude>
    <ClInclude Include="external\commonItems\CommonFunctions.h">
      <Filter>external\commonItems</Filter>
    </ClInclude>
    <ClInclude Include="external\commonItems\ZipLib\ZipArchive.h">
      <Filter>external\commonItems\ZipLib</Filter>
    </ClInclude>
    <ClInclude Include="external\commonItems\ZipLib\ZipArchiveEntry.h">
      <Filter>external\commonItems\ZipLib</Filter>
    </ClInclude>
    <ClInclude Include="external\commonItems\ZipLib\ZipFile.h">
      <Filter>external\commonItems\ZipLib</Filter>
    </ClInclude>
    <ClInclude Include="external\commonItems\ConvenientParser.h">
      <Filter>external\commonItems</Filter>
    </ClInclude>
    <ClInclude Include="external\commonItems\ZipLib\detail\EndOfCentralDirectoryBlock.h">
      <Filter>external\commonItems\ZipLib\detail</Filter>
    </ClInclude>
    <ClInclude Include="external\commonItems\ZipLib\detail\ZipCentralDirectoryFileHeader.h">
      <Filter>external\commonItems\ZipLib\detail</Filter>
    </ClInclude>
    <ClInclude Include="external\commonItems\ZipLib\detail\ZipGenericExtraField.h">
      <Filter>external\commonItems\ZipLib\detail</Filter>
    </ClInclude>
    <ClInclude Include="external\commonItems\ZipLib\detail\ZipLocalFileHeader.h">
      <Filter>external\commonItems\ZipLib\detail</Filter>
    </ClInclude>
    <ClInclude Include="external\commonItems\ZipLib\extlibs\lzma\7z.h">
      <Filter>external\commonItems\ZipLib\extlibs\lzma</Filter>
    </ClInclude>
    <ClInclude Include="external\commonItems\ZipLib\extlibs\lzma\7zAlloc.h">
      <Filter>external\commonItems\ZipLib\extlibs\lzma</Filter>
    </ClInclude>
    <ClInclude Include="external\commonItems\ZipLib\extlibs\lzma\7zBuf.h">
      <Filter>external\commonItems\ZipLib\extlibs\lzma</Filter>
    </ClInclude>
    <ClInclude Include="external\commonItems\ZipLib\extlibs\lzma\7zCrc.h">
      <Filter>external\commonItems\ZipLib\extlibs\lzma</Filter>
    </ClInclude>
    <ClInclude Include="external\commonItems\ZipLib\extlibs\lzma\7zFile.h">
      <Filter>external\commonItems\ZipLib\extlibs\lzma</Filter>
    </ClInclude>
    <ClInclude Include="external\commonItems\ZipLib\extlibs\lzma\7zVersion.h">
      <Filter>external\commonItems\ZipLib\extlibs\lzma</Filter>
    </ClInclude>
    <ClInclude Include="external\commonItems\ZipLib\extlibs\lzma\Alloc.h">
      <Filter>external\commonItems\ZipLib\extlibs\lzma</Filter>
    </ClInclude>
    <ClInclude Include="external\commonItems\ZipLib\extlibs\lzma\Bcj2.h">
      <Filter>external\commonItems\ZipLib\extlibs\lzma</Filter>
    </ClInclude>
    <ClInclude Include="external\commonItems\ZipLib\extlibs\lzma\Bra.h">
      <Filter>external\commonItems\ZipLib\extlibs\lzma</Filter>
    </ClInclude>
    <ClInclude Include="external\commonItems\ZipLib\extlibs\lzma\CpuArch.h">
      <Filter>external\commonItems\ZipLib\extlibs\lzma</Filter>
    </ClInclude>
    <ClInclude Include="external\commonItems\ZipLib\extlibs\lzma\Delta.h">
      <Filter>external\commonItems\ZipLib\extlibs\lzma</Filter>
    </ClInclude>
    <ClInclude Include="external\commonItems\ZipLib\extlibs\lzma\LzFind.h">
      <Filter>external\commonItems\ZipLib\extlibs\lzma</Filter>
    </ClInclude>
    <ClInclude Include="external\commonItems\ZipLib\extlibs\lzma\LzFindMt.h">
      <Filter>external\commonItems\ZipLib\extlibs\lzma</Filter>
    </ClInclude>
    <ClInclude Include="external\commonItems\ZipLib\extlibs\lzma\LzHash.h">
      <Filter>external\commonItems\ZipLib\extlibs\lzma</Filter>
    </ClInclude>
    <ClInclude Include="external\commonItems\ZipLib\extlibs\lzma\Lzma2Dec.h">
      <Filter>external\commonItems\ZipLib\extlibs\lzma</Filter>
    </ClInclude>
    <ClInclude Include="external\commonItems\ZipLib\extlibs\lzma\Lzma2Enc.h">
      <Filter>external\commonItems\ZipLib\extlibs\lzma</Filter>
    </ClInclude>
    <ClInclude Include="external\commonItems\ZipLib\extlibs\lzma\Lzma86.h">
      <Filter>external\commonItems\ZipLib\extlibs\lzma</Filter>
    </ClInclude>
    <ClInclude Include="external\commonItems\ZipLib\extlibs\lzma\LzmaDec.h">
      <Filter>external\commonItems\ZipLib\extlibs\lzma</Filter>
    </ClInclude>
    <ClInclude Include="external\commonItems\ZipLib\extlibs\lzma\LzmaEnc.h">
      <Filter>external\commonItems\ZipLib\extlibs\lzma</Filter>
    </ClInclude>
    <ClInclude Include="external\commonItems\ZipLib\extlibs\lzma\LzmaLib.h">
      <Filter>external\commonItems\ZipLib\extlibs\lzma</Filter>
    </ClInclude>
    <ClInclude Include="external\commonItems\ZipLib\extlibs\lzma\MtCoder.h">
      <Filter>external\commonItems\ZipLib\extlibs\lzma</Filter>
    </ClInclude>
    <ClInclude Include="external\commonItems\ZipLib\extlibs\lzma\Ppmd.h">
      <Filter>external\commonItems\ZipLib\extlibs\lzma</Filter>
    </ClInclude>
    <ClInclude Include="external\commonItems\ZipLib\extlibs\lzma\Ppmd7.h">
      <Filter>external\commonItems\ZipLib\extlibs\lzma</Filter>
    </ClInclude>
    <ClInclude Include="external\commonItems\ZipLib\extlibs\lzma\RotateDefs.h">
      <Filter>external\commonItems\ZipLib\extlibs\lzma</Filter>
    </ClInclude>
    <ClInclude Include="external\commonItems\ZipLib\extlibs\lzma\Sha256.h">
      <Filter>external\commonItems\ZipLib\extlibs\lzma</Filter>
    </ClInclude>
    <ClInclude Include="external\commonItems\ZipLib\extlibs\lzma\Threads.h">
      <Filter>external\commonItems\ZipLib\extlibs\lzma</Filter>
    </ClInclude>
    <ClInclude Include="external\commonItems\ZipLib\extlibs\lzma\Types.h">
      <Filter>external\commonItems\ZipLib\extlibs\lzma</Filter>
    </ClInclude>
    <ClInclude Include="external\commonItems\ZipLib\extlibs\lzma\Xz.h">
      <Filter>external\commonItems\ZipLib\extlibs\lzma</Filter>
    </ClInclude>
    <ClInclude Include="external\commonItems\ZipLib\extlibs\lzma\XzCrc64.h">
      <Filter>external\commonItems\ZipLib\extlibs\lzma</Filter>
    </ClInclude>
    <ClInclude Include="external\commonItems\ZipLib\extlibs\lzma\XzEnc.h">
      <Filter>external\commonItems\ZipLib\extlibs\lzma</Filter>
    </ClInclude>
    <ClInclude Include="external\commonItems\ZipLib\extlibs\bzip2\bzlib.h">
      <Filter>external\commonItems\ZipLib\extlibs\bzip2</Filter>
    </ClInclude>
    <ClInclude Include="external\commonItems\ZipLib\extlibs\bzip2\bzlib_private.h">
      <Filter>external\commonItems\ZipLib\extlibs\bzip2</Filter>
    </ClInclude>
    <ClInclude Include="external\commonItems\ZipLib\extlibs\zlib\crc32.h">
      <Filter>external\commonItems\ZipLib\extlibs\zlib</Filter>
    </ClInclude>
    <ClInclude Include="external\commonItems\ZipLib\extlibs\zlib\deflate.h">
      <Filter>external\commonItems\ZipLib\extlibs\zlib</Filter>
    </ClInclude>
    <ClInclude Include="external\commonItems\ZipLib\extlibs\zlib\gzguts.h">
      <Filter>external\commonItems\ZipLib\extlibs\zlib</Filter>
    </ClInclude>
    <ClInclude Include="external\commonItems\ZipLib\extlibs\zlib\inffast.h">
      <Filter>external\commonItems\ZipLib\extlibs\zlib</Filter>
    </ClInclude>
    <ClInclude Include="external\commonItems\ZipLib\extlibs\zlib\inffixed.h">
      <Filter>external\commonItems\ZipLib\extlibs\zlib</Filter>
    </ClInclude>
    <ClInclude Include="external\commonItems\ZipLib\extlibs\zlib\inflate.h">
      <Filter>external\commonItems\ZipLib\extlibs\zlib</Filter>
    </ClInclude>
    <ClInclude Include="external\commonItems\ZipLib\extlibs\zlib\inftrees.h">
      <Filter>external\commonItems\ZipLib\extlibs\zlib</Filter>
    </ClInclude>
    <ClInclude Include="external\commonItems\ZipLib\extlibs\zlib\trees.h">
      <Filter>external\commonItems\ZipLib\extlibs\zlib</Filter>
    </ClInclude>
    <ClInclude Include="external\commonItems\ZipLib\extlibs\zlib\zconf.h">
      <Filter>external\commonItems\ZipLib\extlibs\zlib</Filter>
    </ClInclude>
    <ClInclude Include="external\commonItems\ZipLib\extlibs\zlib\zlib.h">
      <Filter>external\commonItems\ZipLib\extlibs\zlib</Filter>
    </ClInclude>
    <ClInclude Include="external\commonItems\ZipLib\extlibs\zlib\zutil.h">
      <Filter>external\commonItems\ZipLib\extlibs\zlib</Filter>
    </ClInclude>
    <ClInclude Include="external\commonItems\ModLoader\ModFilesystem.h">
      <Filter>external\commonItems\modloader</Filter>
    </ClInclude>
    <ClInclude Include="external\commonItems\ModLoader\ModLoader.h">
      <Filter>external\commonItems\modloader</Filter>
    </ClInclude>
    <ClInclude Include="external\commonItems\ModLoader\ModParser.h">
      <Filter>external\commonItems\modloader</Filter>
    </ClInclude>
    <ClInclude Include="src\configuration\configuration.h">
      <Filter>src\configuration</Filter>
    </ClInclude>
    <ClInclude Include="src\save_reader\province_importer.h">
      <Filter>src\save_reader</Filter>
    </ClInclude>
    <ClInclude Include="src\save_reader\provinces_importer.h">
      <Filter>src\save_reader</Filter>
    </ClInclude>
    <ClInclude Include="src\map_drawer\controller_drawer.h">
      <Filter>src\map_drawer</Filter>
    </ClInclude>
  </ItemGroup>
  <ItemGroup>
    <CopyFileToFolders Include="data\test_data\map_importer_test\missing_definition.csv\map\provinces.bmp">
      <Filter>data\test_data\map_importer_test\missing_definition.csv\map</Filter>
    </CopyFileToFolders>
    <CopyFileToFolders Include="data\test_data\map_importer_test\valid_map_data\map\provinces.bmp">
      <Filter>data\test_data\map_importer_test\valid_map_data\map</Filter>
    </CopyFileToFolders>
    <CopyFileToFolders Include="data\test_data\map_importer_test\valid_map_data\map\definition.csv">
      <Filter>data\test_data\map_importer_test\valid_map_data\map</Filter>
    </CopyFileToFolders>
    <CopyFileToFolders Include="data\test_data\state_definitions\state_definitions\history\states\1-Empty.txt">
      <Filter>data\test_data\state_definitions\state_definitions\history\states</Filter>
    </CopyFileToFolders>
    <CopyFileToFolders Include="data\test_data\state_definitions\state_definitions\history\states\2-Simple.txt">
      <Filter>data\test_data\state_definitions\state_definitions\history\states</Filter>
    </CopyFileToFolders>
    <CopyFileToFolders Include="data\test_data\state_definitions\state_definitions\history\states\42-Mismatch.txt">
      <Filter>data\test_data\state_definitions\state_definitions\history\states</Filter>
    </CopyFileToFolders>
    <CopyFileToFolders Include="data\test_data\state_definitions\state_definitions\history\states\3-ExtraData.txt">
      <Filter>data\test_data\state_definitions\state_definitions\history\states</Filter>
    </CopyFileToFolders>
    <CopyFileToFolders Include="data\test_data\save_reader\empty_save.hoi4">
      <Filter>data\test_data\save_reader</Filter>
    </CopyFileToFolders>
    <CopyFileToFolders Include="data\test_data\save_reader\good_save.hoi4">
      <Filter>data\test_data\save_reader</Filter>
    </CopyFileToFolders>
    <CopyFileToFolders Include="data\test_data\save_reader\extra_data_save.hoi4">
      <Filter>data\test_data\save_reader</Filter>
    </CopyFileToFolders>
    <CopyFileToFolders Include="external\rakaly\rakaly.dll">
      <Filter>external\rakaly</Filter>
    </CopyFileToFolders>
    <CopyFileToFolders Include="data\test_data\country_colors\definition_with_color.txt">
      <Filter>data\test_data\country_colors</Filter>
    </CopyFileToFolders>
    <CopyFileToFolders Include="data\test_data\country_colors\empty_country_definition.txt">
      <Filter>data\test_data\country_colors</Filter>
    </CopyFileToFolders>
    <CopyFileToFolders Include="data\test_data\country_colors\definition_with_extra_data.txt">
      <Filter>data\test_data\country_colors</Filter>
    </CopyFileToFolders>
    <CopyFileToFolders Include="data\test_data\country_colors\empty_tag_file.txt">
      <Filter>data\test_data\country_colors</Filter>
    </CopyFileToFolders>
    <CopyFileToFolders Include="data\test_data\country_colors\definition_with_tags.txt">
      <Filter>data\test_data\country_colors</Filter>
    </CopyFileToFolders>
    <CopyFileToFolders Include="data\test_data\country_colors\tags_directory\common\country_tags\extra_tag.txt">
      <Filter>data\test_data\country_colors\tags_directory\common\country_tags</Filter>
    </CopyFileToFolders>
    <CopyFileToFolders Include="data\test_data\country_colors\tags_directory\common\country_tags\main_tags.txt">
      <Filter>data\test_data\country_colors\tags_directory\common\country_tags</Filter>
    </CopyFileToFolders>
    <CopyFileToFolders Include="data\test_data\country_colors\tags_directory\common\country_tags\replacement_tag.txt">
      <Filter>data\test_data\country_colors\tags_directory\common\country_tags</Filter>
    </CopyFileToFolders>
    <CopyFileToFolders Include="data\test_data\country_colors\tag_file_with_extra_data.txt">
      <Filter>data\test_data\country_colors</Filter>
    </CopyFileToFolders>
    <CopyFileToFolders Include="data\test_data\country_colors\country_color_importer\common\country_tags\00_countries.txt">
      <Filter>data\test_data\country_colors\country_color_importer\common\country_tags</Filter>
    </CopyFileToFolders>
    <CopyFileToFolders Include="data\test_data\country_colors\country_color_importer\common\countries\country_one.txt">
      <Filter>data\test_data\country_colors\country_color_importer\common\countries</Filter>
    </CopyFileToFolders>
    <CopyFileToFolders Include="data\test_data\country_colors\country_color_importer\common\countries\country_two.txt">
      <Filter>data\test_data\country_colors\country_color_importer\common\countries</Filter>
    </CopyFileToFolders>
    <CopyFileToFolders Include="data\test_data\configuration\empty_config.txt">
      <Filter>data\test_data\configuration</Filter>
    </CopyFileToFolders>
    <CopyFileToFolders Include="data\test_data\configuration\test_config.txt">
      <Filter>data\test_data\configuration</Filter>
    </CopyFileToFolders>
  </ItemGroup>
</Project>