<?xml version="1.0" encoding="utf-8"?>
<Project ToolsVersion="4.0" xmlns="http://schemas.microsoft.com/developer/msbuild/2003">
  <ItemGroup>
    <Filter Include="src">
      <UniqueIdentifier>{4FC737F1-C7A5-4376-A066-2A32D752A2FF}</UniqueIdentifier>
      <Extensions>cpp;c;cc;cxx;c++;cppm;ixx;def;odl;idl;hpj;bat;asm;asmx</Extensions>
    </Filter>
    <Filter Include="external">
      <UniqueIdentifier>{e9a72cf0-66ab-40e2-9e59-9f0f913e64e7}</UniqueIdentifier>
    </Filter>
    <Filter Include="external\commonItems">
      <UniqueIdentifier>{e68236b4-fd36-410b-984d-3f658a4daf61}</UniqueIdentifier>
    </Filter>
    <Filter Include="external\rakaly">
      <UniqueIdentifier>{f6242d71-624f-492d-8333-5fe36a1b1d33}</UniqueIdentifier>
    </Filter>
    <Filter Include="external\CImg">
      <UniqueIdentifier>{7bca4a1a-53c0-4035-9786-235e80049696}</UniqueIdentifier>
    </Filter>
    <Filter Include="src\map_importer">
      <UniqueIdentifier>{c9c0fdbe-8101-4571-84ef-e4baf7872706}</UniqueIdentifier>
    </Filter>
    <Filter Include="src\state_definitions">
      <UniqueIdentifier>{96681ae9-d803-4825-b74e-8996f2ee0efa}</UniqueIdentifier>
    </Filter>
    <Filter Include="src\save_reader">
      <UniqueIdentifier>{068b1e0b-602c-447b-8d27-4c4d50012bb5}</UniqueIdentifier>
    </Filter>
    <Filter Include="src\country_colors">
      <UniqueIdentifier>{121898c9-c74f-4e4e-b0a4-cedb4e207979}</UniqueIdentifier>
    </Filter>
  </ItemGroup>
  <ItemGroup>
    <ClCompile Include="src\main.cpp">
      <Filter>src</Filter>
    </ClCompile>
    <ClCompile Include="external\commonItems\Log.cpp">
      <Filter>external\commonItems</Filter>
    </ClCompile>
    <ClCompile Include="external\commonItems\OSCommonLayer.cpp">
      <Filter>external\commonItems</Filter>
    </ClCompile>
    <ClCompile Include="external\commonItems\WinUtils.cpp">
      <Filter>external\commonItems</Filter>
    </ClCompile>
    <ClCompile Include="external\commonItems\iconvlite.cpp">
      <Filter>external\commonItems</Filter>
    </ClCompile>
    <ClCompile Include="src\map_importer\map_importer.cpp">
      <Filter>src\map_importer</Filter>
    </ClCompile>
    <ClCompile Include="external\commonItems\Parser.cpp">
      <Filter>external\commonItems</Filter>
    </ClCompile>
    <ClCompile Include="external\commonItems\ParserHelpers.cpp">
      <Filter>external\commonItems</Filter>
    </ClCompile>
    <ClCompile Include="src\state_definitions\state_definition_importer.cpp">
      <Filter>src\state_definitions</Filter>
    </ClCompile>
    <ClCompile Include="external\commonItems\StringUtils.cpp">
      <Filter>external\commonItems</Filter>
    </ClCompile>
    <ClCompile Include="src\state_definitions\state_definitions_importer.h">
      <Filter>src\state_definitions</Filter>
    </ClCompile>
    <ClCompile Include="src\state_definitions\state_definitions_importer.cpp">
      <Filter>src\state_definitions</Filter>
    </ClCompile>
    <ClCompile Include="src\save_reader\state_importer.cpp">
      <Filter>src\save_reader</Filter>
    </ClCompile>
    <ClCompile Include="src\save_reader\states_importer.cpp">
      <Filter>src\save_reader</Filter>
    </ClCompile>
    <ClCompile Include="src\save_reader\save_importer.cpp">
      <Filter>src\save_reader</Filter>
    </ClCompile>
    <ClCompile Include="src\country_colors\country_definition_reader.cpp">
      <Filter>src\country_colors</Filter>
    </ClCompile>
    <ClCompile Include="external\commonItems\Color.cpp">
      <Filter>external\commonItems</Filter>
    </ClCompile>
    <ClCompile Include="src\country_colors\country_tag_file_reader.cpp">
      <Filter>src\country_colors</Filter>
    </ClCompile>
  </ItemGroup>
  <ItemGroup>
    <ClInclude Include="external\commonItems\Log.h">
      <Filter>external\commonItems</Filter>
    </ClInclude>
    <ClInclude Include="external\rakaly\rakaly.h">
      <Filter>external\rakaly</Filter>
    </ClInclude>
    <ClInclude Include="src\rakaly_wrapper.h">
      <Filter>src</Filter>
    </ClInclude>
    <ClInclude Include="external\commonItems\iconvlite.h">
      <Filter>external\commonItems</Filter>
    </ClInclude>
    <ClInclude Include="external\CImg\CImg.h">
      <Filter>external\CImg</Filter>
    </ClInclude>
    <ClInclude Include="src\map_importer\map_importer.h">
      <Filter>src\map_importer</Filter>
    </ClInclude>
    <ClInclude Include="src\map_importer\pixel.h">
      <Filter>src\map_importer</Filter>
    </ClInclude>
    <ClInclude Include="external\commonItems\Parser.h">
      <Filter>external\commonItems</Filter>
    </ClInclude>
    <ClInclude Include="external\commonItems\ParserHelpers.h">
      <Filter>external\commonItems</Filter>
    </ClInclude>
    <ClInclude Include="src\state_definitions\state_definition_importer.h">
      <Filter>src\state_definitions</Filter>
    </ClInclude>
    <ClInclude Include="external\commonItems\StringUtils.h">
      <Filter>external\commonItems</Filter>
    </ClInclude>
    <ClInclude Include="external\commonItems\OSCompatibilityLayer.h">
      <Filter>external\commonItems</Filter>
    </ClInclude>
    <ClInclude Include="src\save_reader\state.h">
      <Filter>src\save_reader</Filter>
    </ClInclude>
    <ClInclude Include="src\save_reader\state_importer.h">
      <Filter>src\save_reader</Filter>
    </ClInclude>
    <ClInclude Include="src\save_reader\states_importer.h">
      <Filter>src\save_reader</Filter>
    </ClInclude>
    <ClInclude Include="src\save_reader\save.h">
      <Filter>src\save_reader</Filter>
    </ClInclude>
    <ClInclude Include="src\save_reader\save_importer.h">
      <Filter>src\save_reader</Filter>
    </ClInclude>
    <ClInclude Include="src\country_colors\country_definition_reader.h">
      <Filter>src\country_colors</Filter>
    </ClInclude>
    <ClInclude Include="external\commonItems\Color.h">
      <Filter>external\commonItems</Filter>
    </ClInclude>
    <ClInclude Include="src\country_colors\country_tag_file_reader.h">
      <Filter>src\country_colors</Filter>
    </ClInclude>
  </ItemGroup>
  <ItemGroup>
    <CopyFileToFolders Include="external\rakaly\rakaly.dll">
      <Filter>external\rakaly</Filter>
    </CopyFileToFolders>
  </ItemGroup>
</Project>